
Microsoft Visual Studio Solution File, Format Version 12.00
# Visual Studio Version 17
VisualStudioVersion = 17.5.33530.505
MinimumVisualStudioVersion = 10.0.40219.1
Project("{FAE04EC0-301F-11D3-BF4B-00C04F79EFBC}") = "PooProject_4", "PooProject_4\PooProject_4.csproj", "{21269D5F-A1EB-49E9-8609-F094BCA960B3}"
EndProject
Global
	GlobalSection(SolutionConfigurationPlatforms) = preSolution
		Debug|Any CPU = Debug|Any CPU
		Release|Any CPU = Release|Any CPU
	EndGlobalSection
	GlobalSection(ProjectConfigurationPlatforms) = postSolution
		{21269D5F-A1EB-49E9-8609-F094BCA960B3}.Debug|Any CPU.ActiveCfg = Debug|Any CPU
		{21269D5F-A1EB-49E9-8609-F094BCA960B3}.Debug|Any CPU.Build.0 = Debug|Any CPU
		{21269D5F-A1EB-49E9-8609-F094BCA960B3}.Release|Any CPU.ActiveCfg = Release|Any CPU
		{21269D5F-A1EB-49E9-8609-F094BCA960B3}.Release|Any CPU.Build.0 = Release|Any CPU
	EndGlobalSection
	GlobalSection(SolutionProperties) = preSolution
		HideSolutionNode = FALSE
	EndGlobalSection
	GlobalSection(ExtensibilityGlobals) = postSolution
		SolutionGuid = {D18E1499-182C-450A-9BA5-DD2482C9EFAD}
	EndGlobalSection
EndGlobal
